{
  "requires": true,
  "lockfileVersion": 1,
  "dependencies": {
    "cytoscape-cola": {
      "version": "2.3.0",
      "resolved": "https://registry.npmjs.org/cytoscape-cola/-/cytoscape-cola-2.3.0.tgz",
      "integrity": "sha512-xblxlCH8JXGLdH6XMUBJY3xBUJuL1rLy8bLMGvqkvoPHSbBfV+/klMWoqwervVKWOmFHPwUdihtxy8stG4RM5g==",
      "requires": {
        "webcola": "3.3.9"
      }
    },
    "d3-dispatch": {
      "version": "1.0.5",
      "resolved": "https://registry.npmjs.org/d3-dispatch/-/d3-dispatch-1.0.5.tgz",
      "integrity": "sha512-vwKx+lAqB1UuCeklr6Jh1bvC4SZgbSqbkGBLClItFBIYH4vqDJCA7qfoy14lXmJdnBOdxndAMxjCbImJYW7e6g=="
    },
    "d3-drag": {
      "version": "1.2.3",
      "resolved": "https://registry.npmjs.org/d3-drag/-/d3-drag-1.2.3.tgz",
      "integrity": "sha512-8S3HWCAg+ilzjJsNtWW1Mutl74Nmzhb9yU6igspilaJzeZVFktmY6oO9xOh5TDk+BM2KrNFjttZNoJJmDnkjkg==",
      "requires": {
        "d3-dispatch": "1.0.5",
        "d3-selection": "1.4.0"
      }
    },
    "d3-selection": {
      "version": "1.4.0",
      "resolved": "https://registry.npmjs.org/d3-selection/-/d3-selection-1.4.0.tgz",
      "integrity": "sha512-EYVwBxQGEjLCKF2pJ4+yrErskDnz5v403qvAid96cNdCMr8rmCYfY5RGzWz24mdIbxmDf6/4EAH+K9xperD5jg=="
    },
    "d3-timer": {
      "version": "1.0.9",
      "resolved": "https://registry.npmjs.org/d3-timer/-/d3-timer-1.0.9.tgz",
      "integrity": "sha512-rT34J5HnQUHhcLvhSB9GjCkN0Ddd5Y8nCwDBG2u6wQEeYxT/Lf51fTFFkldeib/sE/J0clIe0pnCfs6g/lRbyg=="
    },
    "webcola": {
      "version": "3.3.9",
      "resolved": "https://registry.npmjs.org/webcola/-/webcola-3.3.9.tgz",
      "integrity": "sha512-hjE23yiRU+7AGajxuDdUDW8txyMVgXHCW71erA0UVKYx0lruqs1o4QFQ0OSpSdNS6wlAwgk0IPxhuEiQq1MXfQ==",
      "requires": {
        "d3-dispatch": "1.0.5",
        "d3-drag": "1.2.3",
        "d3-timer": "1.0.9"
      }
    }
  }
}
